// !$*UTF8*$!
{
	archiveVersion = 1;
	classes = {
	};
	objectVersion = 50;
	objects = {

/* Begin PBXBuildFile section */
		941E68FC25C5310600429BC8 /* AppDelegate.swift in Sources */ = {isa = PBXBuildFile; fileRef = 941E68FB25C5310600429BC8 /* AppDelegate.swift */; };
		941E68FE25C5310600429BC8 /* SceneDelegate.swift in Sources */ = {isa = PBXBuildFile; fileRef = 941E68FD25C5310600429BC8 /* SceneDelegate.swift */; };
		941E690025C5310600429BC8 /* ViewController.swift in Sources */ = {isa = PBXBuildFile; fileRef = 941E68FF25C5310600429BC8 /* ViewController.swift */; };
		941E690325C5310600429BC8 /* Main.storyboard in Resources */ = {isa = PBXBuildFile; fileRef = 941E690125C5310600429BC8 /* Main.storyboard */; };
		941E690525C5310800429BC8 /* Assets.xcassets in Resources */ = {isa = PBXBuildFile; fileRef = 941E690425C5310800429BC8 /* Assets.xcassets */; };
		941E690825C5310800429BC8 /* LaunchScreen.storyboard in Resources */ = {isa = PBXBuildFile; fileRef = 941E690625C5310800429BC8 /* LaunchScreen.storyboard */; };
		941E691125C533FB00429BC8 /* cho.png in Resources */ = {isa = PBXBuildFile; fileRef = 941E691025C533FB00429BC8 /* cho.png */; };
		941E691425C5340D00429BC8 /* gu.png in Resources */ = {isa = PBXBuildFile; fileRef = 941E691325C5340D00429BC8 /* gu.png */; };
		941E691725C5341B00429BC8 /* pa.png in Resources */ = {isa = PBXBuildFile; fileRef = 941E691625C5341B00429BC8 /* pa.png */; };
		941E693C25C5720E00429BC8 /* gameOver.swift in Sources */ = {isa = PBXBuildFile; fileRef = 941E693B25C5720E00429BC8 /* gameOver.swift */; };
		941E694125C5761800429BC8 /* Start.swift in Sources */ = {isa = PBXBuildFile; fileRef = 941E694025C5761800429BC8 /* Start.swift */; };
/* End PBXBuildFile section */

/* Begin PBXFileReference section */
		941E68F825C5310600429BC8 /* EndressJanken.app */ = {isa = PBXFileReference; explicitFileType = wrapper.application; includeInIndex = 0; path = EndressJanken.app; sourceTree = BUILT_PRODUCTS_DIR; };
		941E68FB25C5310600429BC8 /* AppDelegate.swift */ = {isa = PBXFileReference; lastKnownFileType = sourcecode.swift; path = AppDelegate.swift; sourceTree = "<group>"; };
		941E68FD25C5310600429BC8 /* SceneDelegate.swift */ = {isa = PBXFileReference; lastKnownFileType = sourcecode.swift; path = SceneDelegate.swift; sourceTree = "<group>"; };
		941E68FF25C5310600429BC8 /* ViewController.swift */ = {isa = PBXFileReference; lastKnownFileType = sourcecode.swift; path = ViewController.swift; sourceTree = "<group>"; };
		941E690225C5310600429BC8 /* Base */ = {isa = PBXFileReference; lastKnownFileType = file.storyboard; name = Base; path = Base.lproj/Main.storyboard; sourceTree = "<group>"; };
		941E690425C5310800429BC8 /* Assets.xcassets */ = {isa = PBXFileReference; lastKnownFileType = folder.assetcatalog; path = Assets.xcassets; sourceTree = "<group>"; };
		941E690725C5310800429BC8 /* Base */ = {isa = PBXFileReference; lastKnownFileType = file.storyboard; name = Base; path = Base.lproj/LaunchScreen.storyboard; sourceTree = "<group>"; };
		941E690925C5310800429BC8 /* Info.plist */ = {isa = PBXFileReference; lastKnownFileType = text.plist.xml; path = Info.plist; sourceTree = "<group>"; };
		941E691025C533FB00429BC8 /* cho.png */ = {isa = PBXFileReference; lastKnownFileType = image.png; path = cho.png; sourceTree = "<group>"; };
		941E691325C5340D00429BC8 /* gu.png */ = {isa = PBXFileReference; lastKnownFileType = image.png; path = gu.png; sourceTree = "<group>"; };
		941E691625C5341B00429BC8 /* pa.png */ = {isa = PBXFileReference; lastKnownFileType = image.png; path = pa.png; sourceTree = "<group>"; };
		941E693B25C5720E00429BC8 /* gameOver.swift */ = {isa = PBXFileReference; lastKnownFileType = sourcecode.swift; path = gameOver.swift; sourceTree = "<group>"; };
		941E694025C5761800429BC8 /* Start.swift */ = {isa = PBXFileReference; lastKnownFileType = sourcecode.swift; path = Start.swift; sourceTree = "<group>"; };
/* End PBXFileReference section */

/* Begin PBXFrameworksBuildPhase section */
		941E68F525C5310600429BC8 /* Frameworks */ = {
			isa = PBXFrameworksBuildPhase;
			buildActionMask = 2147483647;
			files = (
			);
			runOnlyForDeploymentPostprocessing = 0;
		};
/* End PBXFrameworksBuildPhase section */

/* Begin PBXGroup section */
		941E68EF25C5310600429BC8 = {
			isa = PBXGroup;
			children = (
				941E68FA25C5310600429BC8 /* EndressJanken */,
				941E68F925C5310600429BC8 /* Products */,
			);
			sourceTree = "<group>";
		};
		941E68F925C5310600429BC8 /* Products */ = {
			isa = PBXGroup;
			children = (
				941E68F825C5310600429BC8 /* EndressJanken.app */,
			);
			name = Products;
			sourceTree = "<group>";
		};
		941E68FA25C5310600429BC8 /* EndressJanken */ = {
			isa = PBXGroup;
			children = (
				941E68FB25C5310600429BC8 /* AppDelegate.swift */,
				941E68FD25C5310600429BC8 /* SceneDelegate.swift */,
				941E68FF25C5310600429BC8 /* ViewController.swift */,
				941E693B25C5720E00429BC8 /* gameOver.swift */,
				941E694025C5761800429BC8 /* Start.swift */,
				941E690125C5310600429BC8 /* Main.storyboard */,
				941E691325C5340D00429BC8 /* gu.png */,
				941E691025C533FB00429BC8 /* cho.png */,
				941E691625C5341B00429BC8 /* pa.png */,
				941E690425C5310800429BC8 /* Assets.xcassets */,
				941E690625C5310800429BC8 /* LaunchScreen.storyboard */,
				941E690925C5310800429BC8 /* Info.plist */,
			);
			path = EndressJanken;
			sourceTree = "<group>";
		};
/* End PBXGroup section */

/* Begin PBXNativeTarget section */
		941E68F725C5310600429BC8 /* EndressJanken */ = {
			isa = PBXNativeTarget;
			buildConfigurationList = 941E690C25C5310800429BC8 /* Build configuration list for PBXNativeTarget "EndressJanken" */;
			buildPhases = (
				941E68F425C5310600429BC8 /* Sources */,
				941E68F525C5310600429BC8 /* Frameworks */,
				941E68F625C5310600429BC8 /* Resources */,
			);
			buildRules = (
			);
			dependencies = (
			);
			name = EndressJanken;
			productName = EndressJanken;
			productReference = 941E68F825C5310600429BC8 /* EndressJanken.app */;
			productType = "com.apple.product-type.application";
		};
/* End PBXNativeTarget section */

/* Begin PBXProject section */
		941E68F025C5310600429BC8 /* Project object */ = {
			isa = PBXProject;
			attributes = {
				LastSwiftUpdateCheck = 1240;
				LastUpgradeCheck = 1240;
				TargetAttributes = {
					941E68F725C5310600429BC8 = {
						CreatedOnToolsVersion = 12.4;
					};
				};
			};
			buildConfigurationList = 941E68F325C5310600429BC8 /* Build configuration list for PBXProject "EndressJanken" */;
			compatibilityVersion = "Xcode 9.3";
			developmentRegion = en;
			hasScannedForEncodings = 0;
			knownRegions = (
				en,
				Base,
			);
			mainGroup = 941E68EF25C5310600429BC8;
			productRefGroup = 941E68F925C5310600429BC8 /* Products */;
			projectDirPath = "";
			projectRoot = "";
			targets = (
				941E68F725C5310600429BC8 /* EndressJanken */,
			);
		};
/* End PBXProject section */

/* Begin PBXResourcesBuildPhase section */
		941E68F625C5310600429BC8 /* Resources */ = {
			isa = PBXResourcesBuildPhase;
			buildActionMask = 2147483647;
			files = (
				941E691425C5340D00429BC8 /* gu.png in Resources */,
				941E691125C533FB00429BC8 /* cho.png in Resources */,
				941E690825C5310800429BC8 /* LaunchScreen.storyboard in Resources */,
				941E690525C5310800429BC8 /* Assets.xcassets in Resources */,
				941E691725C5341B00429BC8 /* pa.png in Resources */,
				941E690325C5310600429BC8 /* Main.storyboard in Resources */,
			);
			runOnlyForDeploymentPostprocessing = 0;
		};
/* End PBXResourcesBuildPhase section */

/* Begin PBXSourcesBuildPhase section */
		941E68F425C5310600429BC8 /* Sources */ = {
			isa = PBXSourcesBuildPhase;
			buildActionMask = 2147483647;
			files = (
				941E690025C5310600429BC8 /* ViewController.swift in Sources */,
				941E68FC25C5310600429BC8 /* AppDelegate.swift in Sources */,
				941E694125C5761800429BC8 /* Start.swift in Sources */,
				941E68FE25C5310600429BC8 /* SceneDelegate.swift in Sources */,
				941E693C25C5720E00429BC8 /* gameOver.swift in Sources */,
			);
			runOnlyForDeploymentPostprocessing = 0;
		};
/* End PBXSourcesBuildPhase section */

/* Begin PBXVariantGroup section */
		941E690125C5310600429BC8 /* Main.storyboard */ = {
			isa = PBXVariantGroup;
			children = (
				941E690225C5310600429BC8 /* Base */,
			);
			name = Main.storyboard;
			sourceTree = "<group>";
		};
		941E690625C5310800429BC8 /* LaunchScreen.storyboard */ = {
			isa = PBXVariantGroup;
			children = (
				941E690725C5310800429BC8 /* Base */,
			);
			name = LaunchScreen.storyboard;
			sourceTree = "<group>";
		};
/* End PBXVariantGroup section */

/* Begin XCBuildConfiguration section */
		941E690A25C5310800429BC8 /* Debug */ = {
			isa = XCBuildConfiguration;
			buildSettings = {
				ALWAYS_SEARCH_USER_PATHS = NO;
				CLANG_ANALYZER_NONNULL = YES;
				CLANG_ANALYZER_NUMBER_OBJECT_CONVERSION = YES_AGGRESSIVE;
				CLANG_CXX_LANGUAGE_STANDARD = "gnu++14";
				CLANG_CXX_LIBRARY = "libc++";
				CLANG_ENABLE_MODULES = YES;
				CLANG_ENABLE_OBJC_ARC = YES;
				CLANG_ENABLE_OBJC_WEAK = YES;
				CLANG_WARN_BLOCK_CAPTURE_AUTORELEASING = YES;
				CLANG_WARN_BOOL_CONVERSION = YES;
				CLANG_WARN_COMMA = YES;
				CLANG_WARN_CONSTANT_CONVERSION = YES;
				CLANG_WARN_DEPRECATED_OBJC_IMPLEMENTATIONS = YES;
				CLANG_WARN_DIRECT_OBJC_ISA_USAGE = YES_ERROR;
				CLANG_WARN_DOCUMENTATION_COMMENTS = YES;
				CLANG_WARN_EMPTY_BODY = YES;
				CLANG_WARN_ENUM_CONVERSION = YES;
				CLANG_WARN_INFINITE_RECURSION = YES;
				CLANG_WARN_INT_CONVERSION = YES;
				CLANG_WARN_NON_LITERAL_NULL_CONVERSION = YES;
				CLANG_WARN_OBJC_IMPLICIT_RETAIN_SELF = YES;
				CLANG_WARN_OBJC_LITERAL_CONVERSION = YES;
				CLANG_WARN_OBJC_ROOT_CLASS = YES_ERROR;
				CLANG_WARN_QUOTED_INCLUDE_IN_FRAMEWORK_HEADER = YES;
				CLANG_WARN_RANGE_LOOP_ANALYSIS = YES;
				CLANG_WARN_STRICT_PROTOTYPES = YES;
				CLANG_WARN_SUSPICIOUS_MOVE = YES;
				CLANG_WARN_UNGUARDED_AVAILABILITY = YES_AGGRESSIVE;
				CLANG_WARN_UNREACHABLE_CODE = YES;
				CLANG_WARN__DUPLICATE_METHOD_MATCH = YES;
				COPY_PHASE_STRIP = NO;
				DEBUG_INFORMATION_FORMAT = dwarf;
				ENABLE_STRICT_OBJC_MSGSEND = YES;
				ENABLE_TESTABILITY = YES;
				GCC_C_LANGUAGE_STANDARD = gnu11;
				GCC_DYNAMIC_NO_PIC = NO;
				GCC_NO_COMMON_BLOCKS = YES;
				GCC_OPTIMIZATION_LEVEL = 0;
				GCC_PREPROCESSOR_DEFINITIONS = (
					"DEBUG=1",
					"$(inherited)",
				);
				GCC_WARN_64_TO_32_BIT_CONVERSION = YES;
				GCC_WARN_ABOUT_RETURN_TYPE = YES_ERROR;
				GCC_WARN_UNDECLARED_SELECTOR = YES;
				GCC_WARN_UNINITIALIZED_AUTOS = YES_AGGRESSIVE;
				GCC_WARN_UNUSED_FUNCTION = YES;
				GCC_WARN_UNUSED_VARIABLE = YES;
				IPHONEOS_DEPLOYMENT_TARGET = 14.4;
				MTL_ENABLE_DEBUG_INFO = INCLUDE_SOURCE;
				MTL_FAST_MATH = YES;
				ONLY_ACTIVE_ARCH = YES;
				SDKROOT = iphoneos;
				SWIFT_ACTIVE_COMPILATION_CONDITIONS = DEBUG;
				SWIFT_OPTIMIZATION_LEVEL = "-Onone";
			};
			name = Debug;
		};
		941E690B25C5310800429BC8 /* Release */ = {
			isa = XCBuildConfiguration;
			buildSettings = {
				ALWAYS_SEARCH_USER_PATHS = NO;
				CLANG_ANALYZER_NONNULL = YES;
				CLANG_ANALYZER_NUMBER_OBJECT_CONVERSION = YES_AGGRESSIVE;
				CLANG_CXX_LANGUAGE_STANDARD = "gnu++14";
				CLANG_CXX_LIBRARY = "libc++";
				CLANG_ENABLE_MODULES = YES;
				CLANG_ENABLE_OBJC_ARC = YES;
				CLANG_ENABLE_OBJC_WEAK = YES;
				CLANG_WARN_BLOCK_CAPTURE_AUTORELEASING = YES;
				CLANG_WARN_BOOL_CONVERSION = YES;
				CLANG_WARN_COMMA = YES;
				CLANG_WARN_CONSTANT_CONVERSION = YES;
				CLANG_WARN_DEPRECATED_OBJC_IMPLEMENTATIONS = YES;
				CLANG_WARN_DIRECT_OBJC_ISA_USAGE = YES_ERROR;
				CLANG_WARN_DOCUMENTATION_COMMENTS = YES;
				CLANG_WARN_EMPTY_BODY = YES;
				CLANG_WARN_ENUM_CONVERSION = YES;
				CLANG_WARN_INFINITE_RECURSION = YES;
				CLANG_WARN_INT_CONVERSION = YES;
				CLANG_WARN_NON_LITERAL_NULL_CONVERSION = YES;
				CLANG_WARN_OBJC_IMPLICIT_RETAIN_SELF = YES;
				CLANG_WARN_OBJC_LITERAL_CONVERSION = YES;
				CLANG_WARN_OBJC_ROOT_CLASS = YES_ERROR;
				CLANG_WARN_QUOTED_INCLUDE_IN_FRAMEWORK_HEADER = YES;
				CLANG_WARN_RANGE_LOOP_ANALYSIS = YES;
				CLANG_WARN_STRICT_PROTOTYPES = YES;
				CLANG_WARN_SUSPICIOUS_MOVE = YES;
				CLANG_WARN_UNGUARDED_AVAILABILITY = YES_AGGRESSIVE;
				CLANG_WARN_UNREACHABLE_CODE = YES;
				CLANG_WARN__DUPLICATE_METHOD_MATCH = YES;
				COPY_PHASE_STRIP = NO;
				DEBUG_INFORMATION_FORMAT = "dwarf-with-dsym";
				ENABLE_NS_ASSERTIONS = NO;
				ENABLE_STRICT_OBJC_MSGSEND = YES;
				GCC_C_LANGUAGE_STANDARD = gnu11;
				GCC_NO_COMMON_BLOCKS = YES;
				GCC_WARN_64_TO_32_BIT_CONVERSION = YES;
				GCC_WARN_ABOUT_RETURN_TYPE = YES_ERROR;
				GCC_WARN_UNDECLARED_SELECTOR = YES;
				GCC_WARN_UNINITIALIZED_AUTOS = YES_AGGRESSIVE;
				GCC_WARN_UNUSED_FUNCTION = YES;
				GCC_WARN_UNUSED_VARIABLE = YES;
				IPHONEOS_DEPLOYMENT_TARGET = 14.4;
				MTL_ENABLE_DEBUG_INFO = NO;
				MTL_FAST_MATH = YES;
				SDKROOT = iphoneos;
				SWIFT_COMPILATION_MODE = wholemodule;
				SWIFT_OPTIMIZATION_LEVEL = "-O";
				VALIDATE_PRODUCT = YES;
			};
			name = Release;
		};
		941E690D25C5310800429BC8 /* Debug */ = {
			isa = XCBuildConfiguration;
			buildSettings = {
				ASSETCATALOG_COMPILER_APPICON_NAME = AppIcon;
				ASSETCATALOG_COMPILER_GLOBAL_ACCENT_COLOR_NAME = AccentColor;
				CODE_SIGN_STYLE = Automatic;
				DEVELOPMENT_TEAM = D453TST7T9;
				INFOPLIST_FILE = EndressJanken/Info.plist;
				LD_RUNPATH_SEARCH_PATHS = (
					"$(inherited)",
					"@executable_path/Frameworks",
				);
				MARKETING_VERSION = 1.02;
				PRODUCT_BUNDLE_IDENTIFIER = com.Iseryuiseki.EndressJanken;
				PRODUCT_NAME = "$(TARGET_NAME)";
				SWIFT_VERSION = 5.0;
				TARGETED_DEVICE_FAMILY = 1;
			};
			name = Debug;
		};
		941E690E25C5310800429BC8 /* Release */ = {
			isa = XCBuildConfiguration;
			buildSettings = {
				ASSETCATALOG_COMPILER_APPICON_NAME = AppIcon;
				ASSETCATALOG_COMPILER_GLOBAL_ACCENT_COLOR_NAME = AccentColor;
				CODE_SIGN_STYLE = Automatic;
				DEVELOPMENT_TEAM = D453TST7T9;
				INFOPLIST_FILE = EndressJanken/Info.plist;
				LD_RUNPATH_SEARCH_PATHS = (
					"$(inherited)",
					"@executable_path/Frameworks",
				);
				MARKETING_VERSION = 1.02;
				PRODUCT_BUNDLE_IDENTIFIER = com.Iseryuiseki.EndressJanken;
				PRODUCT_NAME = "$(TARGET_NAME)";
				SWIFT_VERSION = 5.0;
				TARGETED_DEVICE_FAMILY = 1;
			};
			name = Release;
		};
/* End XCBuildConfiguration section */

/* Begin XCConfigurationList section */
		941E68F325C5310600429BC8 /* Build configuration list for PBXProject "EndressJanken" */ = {
			isa = XCConfigurationList;
			buildConfigurations = (
				941E690A25C5310800429BC8 /* Debug */,
				941E690B25C5310800429BC8 /* Release */,
			);
			defaultConfigurationIsVisible = 0;
			defaultConfigurationName = Release;
		};
		941E690C25C5310800429BC8 /* Build configuration list for PBXNativeTarget "EndressJanken" */ = {
			isa = XCConfigurationList;
			buildConfigurations = (
				941E690D25C5310800429BC8 /* Debug */,
				941E690E25C5310800429BC8 /* Release */,
			);
			defaultConfigurationIsVisible = 0;
			defaultConfigurationName = Release;
		};
/* End XCConfigurationList section */
	};
	rootObject = 941E68F025C5310600429BC8 /* Project object */;
}
